{
    "_readme": [
        "This file locks the dependencies of your project to a known state",
        "Read more about it at https://getcomposer.org/doc/01-basic-usage.md#installing-dependencies",
        "This file is @generated automatically"
    ],
    "content-hash": "3d8bee6a4edcf25b990d289b77bdc8ed",
    "packages": [
        {
            "name": "mezon/conf",
            "version": "1.0.0",
            "source": {
                "type": "git",
                "url": "https://github.com/alexdodonov/mezon-conf.git",
                "reference": "3ac7aaea53345d4e08ff255c04739cd71225009a"
            },
            "dist": {
                "type": "zip",
                "url": "https://api.github.com/repos/alexdodonov/mezon-conf/zipball/3ac7aaea53345d4e08ff255c04739cd71225009a",
                "reference": "3ac7aaea53345d4e08ff255c04739cd71225009a",
                "shasum": ""
            },
            "require": {
                "php": ">=7.2.0"
            },
            "type": "library",
            "autoload": {
                "psr-4": {
                    "Mezon\\Conf\\": ""
                }
            },
            "notification-url": "https://packagist.org/downloads/",
            "license": [
                "MIT"
            ],
            "authors": [
                {
                    "name": "Dodonov Alexey",
                    "email": "alexey@dodonov.pro",
                    "homepage": "http://gdzone.ru",
                    "role": "Founder"
                }
            ],
            "description": "Small conf routine",
            "homepage": "https://github.com/alexdodonov/mezon-conf",
            "time": "2020-02-17T19:07:09+00:00"
        },
        {
            "name": "mezon/functional",
            "version": "1.0.1",
            "source": {
                "type": "git",
                "url": "https://github.com/alexdodonov/mezon-functional.git",
                "reference": "9f92bb4084d140e7d34d208e6fdc7e370c292d37"
            },
            "dist": {
                "type": "zip",
                "url": "https://api.github.com/repos/alexdodonov/mezon-functional/zipball/9f92bb4084d140e7d34d208e6fdc7e370c292d37",
                "reference": "9f92bb4084d140e7d34d208e6fdc7e370c292d37",
                "shasum": ""
            },
            "require": {
                "php": ">=7.2.0"
            },
            "type": "library",
            "autoload": {
                "psr-4": {
                    "Mezon\\Functional\\": ""
                }
            },
            "notification-url": "https://packagist.org/downloads/",
            "license": [
                "MIT"
            ],
            "authors": [
                {
                    "name": "Dodonov Alexey",
                    "email": "alexey@dodonov.pro",
                    "homepage": "http://gdzone.ru",
                    "role": "Founder"
                }
            ],
            "description": "Small and fast framework for functional programming",
            "homepage": "https://github.com/alexdodonov/mezon-functional",
            "time": "2020-02-13T21:26:22+00:00"
        },
        {
            "name": "mezon/rest-exception",
            "version": "1.0.1",
            "source": {
                "type": "git",
                "url": "https://github.com/alexdodonov/mezon-rest-exception.git",
                "reference": "0c3303e628c7b4514b39fe90cca1990cece2e2ea"
            },
            "dist": {
                "type": "zip",
                "url": "https://api.github.com/repos/alexdodonov/mezon-rest-exception/zipball/0c3303e628c7b4514b39fe90cca1990cece2e2ea",
                "reference": "0c3303e628c7b4514b39fe90cca1990cece2e2ea",
                "shasum": ""
            },
            "require": {
                "php": ">=7.2.0"
            },
            "type": "library",
            "autoload": {
                "psr-4": {
                    "Mezon\\Rest\\": ""
                }
            },
            "notification-url": "https://packagist.org/downloads/",
            "license": [
                "MIT"
            ],
            "authors": [
                {
                    "name": "Dodonov Alexey",
                    "email": "alexey@dodonov.pro",
                    "homepage": "http://gdzone.ru",
                    "role": "Founder"
                }
            ],
            "description": "Small rest-exception script",
            "homepage": "https://github.com/alexdodonov/mezon-rest-exception",
            "time": "2020-02-19T20:34:07+00:00"
        },
        {
            "name": "mezon/router",
            "version": "1.0.6",
            "source": {
                "type": "git",
                "url": "https://github.com/alexdodonov/mezon-router.git",
                "reference": "d1349a430ab6bd64a66f89adf18e074531cb033d"
            },
            "dist": {
                "type": "zip",
                "url": "https://api.github.com/repos/alexdodonov/mezon-router/zipball/d1349a430ab6bd64a66f89adf18e074531cb033d",
                "reference": "d1349a430ab6bd64a66f89adf18e074531cb033d",
                "shasum": ""
            },
            "require": {
                "php": ">=7.2.0"
            },
            "type": "library",
            "autoload": {
                "psr-4": {
                    "Mezon\\Router\\": ""
                }
            },
            "notification-url": "https://packagist.org/downloads/",
            "license": [
                "MIT"
            ],
            "authors": [
                {
                    "name": "Dodonov Alexey",
                    "email": "alexey@dodonov.pro",
                    "homepage": "http://gdzone.ru",
                    "role": "Founder"
                }
            ],
            "description": "Small and fast routing framework",
            "homepage": "https://github.com/alexdodonov/mezon-router",
            "time": "2020-02-19T07:44:28+00:00"
        },
        {
            "name": "mezon/template-engine",
            "version": "1.0.4",
            "source": {
                "type": "git",
                "url": "https://github.com/alexdodonov/mezon-template-engine.git",
                "reference": "152bb2017495a23bf697faff92e851ad299e21fd"
            },
            "dist": {
                "type": "zip",
                "url": "https://api.github.com/repos/alexdodonov/mezon-template-engine/zipball/152bb2017495a23bf697faff92e851ad299e21fd",
                "reference": "152bb2017495a23bf697faff92e851ad299e21fd",
                "shasum": ""
            },
            "require": {
                "mezon/functional": "^1.0",
                "php": ">=7.2.0"
            },
            "type": "library",
            "autoload": {
                "psr-4": {
                    "Mezon\\TemplateEngine\\": ""
                }
            },
            "notification-url": "https://packagist.org/downloads/",
            "license": [
                "MIT"
            ],
            "authors": [
                {
                    "name": "Dodonov Alexey",
                    "email": "alexey@dodonov.pro",
                    "homepage": "http://gdzone.ru",
                    "role": "Founder"
                }
            ],
            "description": "https://github.com/alexdodonov/mezon-template-engine",
            "homepage": "https://github.com/alexdodonov/mezon-template-engine",
            "time": "2020-02-13T21:30:46+00:00"
        }
    ],
    "packages-dev": [],
    "aliases": [],
    "minimum-stability": "dev",
    "stability-flags": [],
    "prefer-stable": true,
    "prefer-lowest": false,
    "platform": {
        "php": ">=7.2.0"
    },
    "platform-dev": []
}
